
Microsoft Visual Studio Solution File, Format Version 12.00
# Visual Studio Version 17
VisualStudioVersion = 17.10.35013.160
MinimumVisualStudioVersion = 10.0.40219.1
Project("{9A19103F-16F7-4668-BE54-9A1E7A4F7556}") = "PdfActionApi", "PdfActionApi\PdfActionApi.csproj", "{08A9CD38-C02C-471D-A718-FD2FEB6F7D0E}"
EndProject
Project("{9A19103F-16F7-4668-BE54-9A1E7A4F7556}") = "BlazorPdfServices", "BlazorPdfServices\BlazorPdfServices\BlazorPdfServices.csproj", "{35DEB457-7B74-426D-BF91-22B5A43FE2B8}"
EndProject
Project("{9A19103F-16F7-4668-BE54-9A1E7A4F7556}") = "BlazorPdfServices.Client", "BlazorPdfServices\BlazorPdfServices.Client\BlazorPdfServices.Client.csproj", "{DC06F5F3-DCB3-473F-AFA4-CDA04277738D}"
EndProject
Project("{9A19103F-16F7-4668-BE54-9A1E7A4F7556}") = "ConsolePdf", "ConsolePdf\ConsolePdf.csproj", "{20784B9A-0CD4-43AD-B0CB-AF491B3FD9F0}"
EndProject
Project("{9A19103F-16F7-4668-BE54-9A1E7A4F7556}") = "BlazorPdfServicesApp", "BlazorPdfServicesApp\BlazorPdfServicesApp.csproj", "{8B5914BB-20CA-4AB7-A262-3120D08BBBFC}"
EndProject
Project("{FAE04EC0-301F-11D3-BF4B-00C04F79EFBC}") = "HostServer", "HostServer\HostServer.csproj", "{D530E642-F8CF-4648-A2C8-9F7240D32A65}"
EndProject
Project("{FAE04EC0-301F-11D3-BF4B-00C04F79EFBC}") = "Hosting", "Hosting\Hosting.csproj", "{C78F124E-9596-45C4-B5CD-966CD7AD686B}"
EndProject
Global
	GlobalSection(SolutionConfigurationPlatforms) = preSolution
		Debug|Any CPU = Debug|Any CPU
		Release|Any CPU = Release|Any CPU
	EndGlobalSection
	GlobalSection(ProjectConfigurationPlatforms) = postSolution
		{08A9CD38-C02C-471D-A718-FD2FEB6F7D0E}.Debug|Any CPU.ActiveCfg = Debug|Any CPU
		{08A9CD38-C02C-471D-A718-FD2FEB6F7D0E}.Debug|Any CPU.Build.0 = Debug|Any CPU
		{08A9CD38-C02C-471D-A718-FD2FEB6F7D0E}.Release|Any CPU.ActiveCfg = Release|Any CPU
		{08A9CD38-C02C-471D-A718-FD2FEB6F7D0E}.Release|Any CPU.Build.0 = Release|Any CPU
		{35DEB457-7B74-426D-BF91-22B5A43FE2B8}.Debug|Any CPU.ActiveCfg = Debug|Any CPU
		{35DEB457-7B74-426D-BF91-22B5A43FE2B8}.Debug|Any CPU.Build.0 = Debug|Any CPU
		{35DEB457-7B74-426D-BF91-22B5A43FE2B8}.Release|Any CPU.ActiveCfg = Release|Any CPU
		{35DEB457-7B74-426D-BF91-22B5A43FE2B8}.Release|Any CPU.Build.0 = Release|Any CPU
		{DC06F5F3-DCB3-473F-AFA4-CDA04277738D}.Debug|Any CPU.ActiveCfg = Debug|Any CPU
		{DC06F5F3-DCB3-473F-AFA4-CDA04277738D}.Debug|Any CPU.Build.0 = Debug|Any CPU
		{DC06F5F3-DCB3-473F-AFA4-CDA04277738D}.Release|Any CPU.ActiveCfg = Release|Any CPU
		{DC06F5F3-DCB3-473F-AFA4-CDA04277738D}.Release|Any CPU.Build.0 = Release|Any CPU
		{20784B9A-0CD4-43AD-B0CB-AF491B3FD9F0}.Debug|Any CPU.ActiveCfg = Debug|Any CPU
		{20784B9A-0CD4-43AD-B0CB-AF491B3FD9F0}.Debug|Any CPU.Build.0 = Debug|Any CPU
		{20784B9A-0CD4-43AD-B0CB-AF491B3FD9F0}.Release|Any CPU.ActiveCfg = Release|Any CPU
		{20784B9A-0CD4-43AD-B0CB-AF491B3FD9F0}.Release|Any CPU.Build.0 = Release|Any CPU
		{8B5914BB-20CA-4AB7-A262-3120D08BBBFC}.Debug|Any CPU.ActiveCfg = Debug|Any CPU
		{8B5914BB-20CA-4AB7-A262-3120D08BBBFC}.Debug|Any CPU.Build.0 = Debug|Any CPU
		{8B5914BB-20CA-4AB7-A262-3120D08BBBFC}.Release|Any CPU.ActiveCfg = Release|Any CPU
		{8B5914BB-20CA-4AB7-A262-3120D08BBBFC}.Release|Any CPU.Build.0 = Release|Any CPU
		{D530E642-F8CF-4648-A2C8-9F7240D32A65}.Debug|Any CPU.ActiveCfg = Debug|Any CPU
		{D530E642-F8CF-4648-A2C8-9F7240D32A65}.Debug|Any CPU.Build.0 = Debug|Any CPU
		{D530E642-F8CF-4648-A2C8-9F7240D32A65}.Release|Any CPU.ActiveCfg = Release|Any CPU
		{D530E642-F8CF-4648-A2C8-9F7240D32A65}.Release|Any CPU.Build.0 = Release|Any CPU
		{C78F124E-9596-45C4-B5CD-966CD7AD686B}.Debug|Any CPU.ActiveCfg = Debug|Any CPU
		{C78F124E-9596-45C4-B5CD-966CD7AD686B}.Debug|Any CPU.Build.0 = Debug|Any CPU
		{C78F124E-9596-45C4-B5CD-966CD7AD686B}.Release|Any CPU.ActiveCfg = Release|Any CPU
		{C78F124E-9596-45C4-B5CD-966CD7AD686B}.Release|Any CPU.Build.0 = Release|Any CPU
	EndGlobalSection
	GlobalSection(SolutionProperties) = preSolution
		HideSolutionNode = FALSE
	EndGlobalSection
	GlobalSection(ExtensibilityGlobals) = postSolution
		SolutionGuid = {E5DBD418-DE7B-42C8-8738-DD3F4BF0C6EA}
	EndGlobalSection
EndGlobal
